
Microsoft Visual Studio Solution File, Format Version 12.00
# Visual Studio Version 17
VisualStudioVersion = 17.3.32804.467
MinimumVisualStudioVersion = 10.0.40219.1
Project("{9A19103F-16F7-4668-BE54-9A1E7A4F7556}") = "ToDoList.WebAPI", "ToDoList.WebAPI\ToDoList.WebAPI.csproj", "{33A341E4-E14A-4F87-862C-EDA1628CD237}"
EndProject
Project("{9A19103F-16F7-4668-BE54-9A1E7A4F7556}") = "ToDoList.BLL", "ToDoList.BLL\ToDoList.BLL.csproj", "{98C0087F-BF4B-4709-B6B2-D2B16B3FE45C}"
EndProject
Project("{9A19103F-16F7-4668-BE54-9A1E7A4F7556}") = "ToDoList.DAL", "ToDoList.DAL\ToDoList.DAL.csproj", "{076D465F-6D28-49CC-97D8-AACABE71802A}"
EndProject
Global
	GlobalSection(SolutionConfigurationPlatforms) = preSolution
		Debug|Any CPU = Debug|Any CPU
		Release|Any CPU = Release|Any CPU
	EndGlobalSection
	GlobalSection(ProjectConfigurationPlatforms) = postSolution
		{33A341E4-E14A-4F87-862C-EDA1628CD237}.Debug|Any CPU.ActiveCfg = Debug|Any CPU
		{33A341E4-E14A-4F87-862C-EDA1628CD237}.Debug|Any CPU.Build.0 = Debug|Any CPU
		{33A341E4-E14A-4F87-862C-EDA1628CD237}.Release|Any CPU.ActiveCfg = Release|Any CPU
		{33A341E4-E14A-4F87-862C-EDA1628CD237}.Release|Any CPU.Build.0 = Release|Any CPU
		{98C0087F-BF4B-4709-B6B2-D2B16B3FE45C}.Debug|Any CPU.ActiveCfg = Debug|Any CPU
		{98C0087F-BF4B-4709-B6B2-D2B16B3FE45C}.Debug|Any CPU.Build.0 = Debug|Any CPU
		{98C0087F-BF4B-4709-B6B2-D2B16B3FE45C}.Release|Any CPU.ActiveCfg = Release|Any CPU
		{98C0087F-BF4B-4709-B6B2-D2B16B3FE45C}.Release|Any CPU.Build.0 = Release|Any CPU
		{076D465F-6D28-49CC-97D8-AACABE71802A}.Debug|Any CPU.ActiveCfg = Debug|Any CPU
		{076D465F-6D28-49CC-97D8-AACABE71802A}.Debug|Any CPU.Build.0 = Debug|Any CPU
		{076D465F-6D28-49CC-97D8-AACABE71802A}.Release|Any CPU.ActiveCfg = Release|Any CPU
		{076D465F-6D28-49CC-97D8-AACABE71802A}.Release|Any CPU.Build.0 = Release|Any CPU
	EndGlobalSection
	GlobalSection(SolutionProperties) = preSolution
		HideSolutionNode = FALSE
	EndGlobalSection
	GlobalSection(ExtensibilityGlobals) = postSolution
		SolutionGuid = {8B5A8993-CD6F-438B-B72E-7CE126B4D220}
	EndGlobalSection
EndGlobal
