
Microsoft Visual Studio Solution File, Format Version 12.00
# Visual Studio Version 17
VisualStudioVersion = 17.3.32804.467
MinimumVisualStudioVersion = 10.0.40219.1
Project("{FAE04EC0-301F-11D3-BF4B-00C04F79EFBC}") = "ToDoList.WebAPI", "ToDoList.WebAPI.csproj", "{20465A83-9939-4BAC-8852-821C62D582A4}"
EndProject
Project("{FAE04EC0-301F-11D3-BF4B-00C04F79EFBC}") = "ToDoList.BLL", "..\ToDoList.BLL\ToDoList.BLL.csproj", "{A1140683-63F7-4EC1-AC28-3CB66F962A4B}"
EndProject
Project("{FAE04EC0-301F-11D3-BF4B-00C04F79EFBC}") = "ToDoList.DAL", "..\ToDoList.DAL\ToDoList.DAL.csproj", "{94935EF2-4C71-4990-8341-9373F0F15560}"
EndProject
Global
	GlobalSection(SolutionConfigurationPlatforms) = preSolution
		Debug|Any CPU = Debug|Any CPU
		Release|Any CPU = Release|Any CPU
	EndGlobalSection
	GlobalSection(ProjectConfigurationPlatforms) = postSolution
		{20465A83-9939-4BAC-8852-821C62D582A4}.Debug|Any CPU.ActiveCfg = Debug|Any CPU
		{20465A83-9939-4BAC-8852-821C62D582A4}.Debug|Any CPU.Build.0 = Debug|Any CPU
		{20465A83-9939-4BAC-8852-821C62D582A4}.Release|Any CPU.ActiveCfg = Release|Any CPU
		{20465A83-9939-4BAC-8852-821C62D582A4}.Release|Any CPU.Build.0 = Release|Any CPU
		{A1140683-63F7-4EC1-AC28-3CB66F962A4B}.Debug|Any CPU.ActiveCfg = Debug|Any CPU
		{A1140683-63F7-4EC1-AC28-3CB66F962A4B}.Debug|Any CPU.Build.0 = Debug|Any CPU
		{A1140683-63F7-4EC1-AC28-3CB66F962A4B}.Release|Any CPU.ActiveCfg = Release|Any CPU
		{A1140683-63F7-4EC1-AC28-3CB66F962A4B}.Release|Any CPU.Build.0 = Release|Any CPU
		{94935EF2-4C71-4990-8341-9373F0F15560}.Debug|Any CPU.ActiveCfg = Debug|Any CPU
		{94935EF2-4C71-4990-8341-9373F0F15560}.Debug|Any CPU.Build.0 = Debug|Any CPU
		{94935EF2-4C71-4990-8341-9373F0F15560}.Release|Any CPU.ActiveCfg = Release|Any CPU
		{94935EF2-4C71-4990-8341-9373F0F15560}.Release|Any CPU.Build.0 = Release|Any CPU
	EndGlobalSection
	GlobalSection(SolutionProperties) = preSolution
		HideSolutionNode = FALSE
	EndGlobalSection
	GlobalSection(ExtensibilityGlobals) = postSolution
		SolutionGuid = {8B5A8993-CD6F-438B-B72E-7CE126B4D220}
	EndGlobalSection
EndGlobal
